
Microsoft Visual Studio Solution File, Format Version 12.00
# Visual Studio Version 16
VisualStudioVersion = 16.0.32126.315
MinimumVisualStudioVersion = 10.0.40219.1
Project("{FAE04EC0-301F-11D3-BF4B-00C04F79EFBC}") = "Brive.Bootcamp.Squad2", "Brive.Bootcamp.Squad2.csproj", "{A8B9BC98-E33F-4956-871E-F3A89CC37310}"
EndProject
Global
	GlobalSection(SolutionConfigurationPlatforms) = preSolution
		Debug|Any CPU = Debug|Any CPU
		Release|Any CPU = Release|Any CPU
	EndGlobalSection
	GlobalSection(ProjectConfigurationPlatforms) = postSolution
		{A8B9BC98-E33F-4956-871E-F3A89CC37310}.Debug|Any CPU.ActiveCfg = Debug|Any CPU
		{A8B9BC98-E33F-4956-871E-F3A89CC37310}.Debug|Any CPU.Build.0 = Debug|Any CPU
		{A8B9BC98-E33F-4956-871E-F3A89CC37310}.Release|Any CPU.ActiveCfg = Release|Any CPU
		{A8B9BC98-E33F-4956-871E-F3A89CC37310}.Release|Any CPU.Build.0 = Release|Any CPU
	EndGlobalSection
	GlobalSection(SolutionProperties) = preSolution
		HideSolutionNode = FALSE
	EndGlobalSection
	GlobalSection(ExtensibilityGlobals) = postSolution
		SolutionGuid = {5722BCCB-11C3-46ED-A986-DA1A5CC0FC18}
	EndGlobalSection
EndGlobal
